// !$*UTF8*$!
{
	archiveVersion = 1;
	classes = {
	};
	objectVersion = 50;
	objects = {

/* Begin PBXBuildFile section */
		2306AAE220CBC8AF00070A6B /* DFSearchKit.framework in CopyFiles */ = {isa = PBXBuildFile; fileRef = 2340800320CB87310031D43A /* DFSearchKit.framework */; settings = {ATTRIBUTES = (CodeSignOnCopy, RemoveHeadersOnCopy, ); }; };
		2340800720CB87310031D43A /* DFSearchKit.h in Headers */ = {isa = PBXBuildFile; fileRef = 2340800520CB87310031D43A /* DFSearchKit.h */; settings = {ATTRIBUTES = (Public, ); }; };
		2340800B20CB873A0031D43A /* DFSearchIndex.swift in Sources */ = {isa = PBXBuildFile; fileRef = 23D90859209E72250096E42A /* DFSearchIndex.swift */; };
		2340800C20CB873A0031D43A /* DFSearchIndex.Memory.swift in Sources */ = {isa = PBXBuildFile; fileRef = 23614DBE20B978A1001F187F /* DFSearchIndex.Memory.swift */; };
		2340800D20CB873A0031D43A /* DFSearchIndex.File.swift in Sources */ = {isa = PBXBuildFile; fileRef = 23614DC120B978C0001F187F /* DFSearchIndex.File.swift */; };
		2340800E20CB873A0031D43A /* DFSearchIndex.Summarizer.swift in Sources */ = {isa = PBXBuildFile; fileRef = 233C768C20CB18DA00589CB4 /* DFSearchIndex.Summarizer.swift */; };
		2340801620CB88350031D43A /* AppDelegate.swift in Sources */ = {isa = PBXBuildFile; fileRef = 2340801520CB88350031D43A /* AppDelegate.swift */; };
		2340801820CB88350031D43A /* Document.swift in Sources */ = {isa = PBXBuildFile; fileRef = 2340801720CB88350031D43A /* Document.swift */; };
		2340801B20CB88350031D43A /* Document.xib in Resources */ = {isa = PBXBuildFile; fileRef = 2340801920CB88350031D43A /* Document.xib */; };
		2340801D20CB88360031D43A /* Assets.xcassets in Resources */ = {isa = PBXBuildFile; fileRef = 2340801C20CB88360031D43A /* Assets.xcassets */; };
		2340802020CB88360031D43A /* MainMenu.xib in Resources */ = {isa = PBXBuildFile; fileRef = 2340801E20CB88360031D43A /* MainMenu.xib */; };
		2340802720CB884B0031D43A /* DFSearchKit.framework in Frameworks */ = {isa = PBXBuildFile; fileRef = 2340800320CB87310031D43A /* DFSearchKit.framework */; };
		2340802820CB88620031D43A /* DFSearchIndex.swift in Headers */ = {isa = PBXBuildFile; fileRef = 23D90859209E72250096E42A /* DFSearchIndex.swift */; };
		2340802920CB88620031D43A /* DFSearchIndex.Memory.swift in Headers */ = {isa = PBXBuildFile; fileRef = 23614DBE20B978A1001F187F /* DFSearchIndex.Memory.swift */; };
		2340802A20CB88620031D43A /* DFSearchIndex.File.swift in Headers */ = {isa = PBXBuildFile; fileRef = 23614DC120B978C0001F187F /* DFSearchIndex.File.swift */; };
		2340802B20CB88620031D43A /* DFSearchIndex.Summarizer.swift in Headers */ = {isa = PBXBuildFile; fileRef = 233C768C20CB18DA00589CB4 /* DFSearchIndex.Summarizer.swift */; };
		2369FC6220D6085E00EFD944 /* DFSearchKit.framework in Frameworks */ = {isa = PBXBuildFile; fileRef = 2340800320CB87310031D43A /* DFSearchKit.framework */; };
		2369FC6820D608A300EFD944 /* DFSearchKitTests.swift in Sources */ = {isa = PBXBuildFile; fileRef = 23D9084D209E71F70096E42A /* DFSearchKitTests.swift */; };
		2369FC6920D608A300EFD944 /* DFSearchIndexSummaryTests.swift in Sources */ = {isa = PBXBuildFile; fileRef = 23407FCE20CB68100031D43A /* DFSearchIndexSummaryTests.swift */; };
		2369FC6A20D608A300EFD944 /* DFSearchIndexUtils.swift in Sources */ = {isa = PBXBuildFile; fileRef = 23407FD020CB686F0031D43A /* DFSearchIndexUtils.swift */; };
		2369FC6B20D608A300EFD944 /* DFSearchKitTests_objc.m in Sources */ = {isa = PBXBuildFile; fileRef = 2311F48120D5D8E600826F5B /* DFSearchKitTests_objc.m */; };
		2369FC6C20D6094400EFD944 /* StopWords.swift in Sources */ = {isa = PBXBuildFile; fileRef = 23614DBA20B95F45001F187F /* StopWords.swift */; };
		2369FC6D20D6095500EFD944 /* the_school_short_story.txt in Resources */ = {isa = PBXBuildFile; fileRef = 23407FCC20CB243D0031D43A /* the_school_short_story.txt */; };
		2369FC6E20D6095500EFD944 /* APACHE_LICENSE.pdf in Resources */ = {isa = PBXBuildFile; fileRef = 23614DBC20B95FFB001F187F /* APACHE_LICENSE.pdf */; };
		238FAD7520A11B5F00092FCD /* main.swift in Sources */ = {isa = PBXBuildFile; fileRef = 238FAD7420A11B5F00092FCD /* main.swift */; };
		2393945C20DD32F0008EC2CC /* DFSearchIndexAsyncTests.swift in Sources */ = {isa = PBXBuildFile; fileRef = 2393945B20DD32F0008EC2CC /* DFSearchIndexAsyncTests.swift */; };
		239424A120D5FA0400211170 /* DFSearchIndex.swift in Sources */ = {isa = PBXBuildFile; fileRef = 23D90859209E72250096E42A /* DFSearchIndex.swift */; };
		239424A220D5FA0B00211170 /* DFSearchIndex.Memory.swift in Sources */ = {isa = PBXBuildFile; fileRef = 23614DBE20B978A1001F187F /* DFSearchIndex.Memory.swift */; };
		239424A320D5FA0B00211170 /* DFSearchIndex.File.swift in Sources */ = {isa = PBXBuildFile; fileRef = 23614DC120B978C0001F187F /* DFSearchIndex.File.swift */; };
		239424A420D5FA0B00211170 /* DFSearchIndex.Summarizer.swift in Sources */ = {isa = PBXBuildFile; fileRef = 233C768C20CB18DA00589CB4 /* DFSearchIndex.Summarizer.swift */; };
		239424A520D5FA0B00211170 /* DFSearchIndex.AsyncController.swift in Sources */ = {isa = PBXBuildFile; fileRef = 23E5A02E20CE05A900D1B2B5 /* DFSearchIndex.AsyncController.swift */; };
		23CE76D120BCB3EC007C8BA8 /* StopWords.swift in Sources */ = {isa = PBXBuildFile; fileRef = 23614DBA20B95F45001F187F /* StopWords.swift */; };
		23E5A03120CE078000D1B2B5 /* DFSearchIndex.AsyncController.swift in Sources */ = {isa = PBXBuildFile; fileRef = 23E5A02E20CE05A900D1B2B5 /* DFSearchIndex.AsyncController.swift */; };
		23E5A03220CE08D100D1B2B5 /* DFSearchIndex.AsyncController.swift in Headers */ = {isa = PBXBuildFile; fileRef = 23E5A02E20CE05A900D1B2B5 /* DFSearchIndex.AsyncController.swift */; };
/* End PBXBuildFile section */

/* Begin PBXContainerItemProxy section */
		23520A1D20D6072700CFCFA9 /* PBXContainerItemProxy */ = {
			isa = PBXContainerItemProxy;
			containerPortal = 23D90836209E71F60096E42A /* Project object */;
			proxyType = 1;
			remoteGlobalIDString = 2340800220CB87310031D43A;
			remoteInfo = DFSearchKit;
		};
		2369FC6320D6085E00EFD944 /* PBXContainerItemProxy */ = {
			isa = PBXContainerItemProxy;
			containerPortal = 23D90836209E71F60096E42A /* Project object */;
			proxyType = 1;
			remoteGlobalIDString = 2340800220CB87310031D43A;
			remoteInfo = DFSearchKit;
		};
		23F346BA22755428001EAB23 /* PBXContainerItemProxy */ = {
			isa = PBXContainerItemProxy;
			containerPortal = 23D90836209E71F60096E42A /* Project object */;
			proxyType = 1;
			remoteGlobalIDString = 2340800220CB87310031D43A;
			remoteInfo = DFSearchKit;
		};
/* End PBXContainerItemProxy section */

/* Begin PBXCopyFilesBuildPhase section */
		2306AAE120CBC8A300070A6B /* CopyFiles */ = {
			isa = PBXCopyFilesBuildPhase;
			buildActionMask = 2147483647;
			dstPath = "";
			dstSubfolderSpec = 10;
			files = (
				2306AAE220CBC8AF00070A6B /* DFSearchKit.framework in CopyFiles */,
			);
			runOnlyForDeploymentPostprocessing = 0;
		};
		238FAD7020A11B5F00092FCD /* CopyFiles */ = {
			isa = PBXCopyFilesBuildPhase;
			buildActionMask = 2147483647;
			dstPath = /usr/share/man/man1/;
			dstSubfolderSpec = 0;
			files = (
			);
			runOnlyForDeploymentPostprocessing = 1;
		};
/* End PBXCopyFilesBuildPhase section */

/* Begin PBXFileReference section */
		2311F48120D5D8E600826F5B /* DFSearchKitTests_objc.m */ = {isa = PBXFileReference; lastKnownFileType = sourcecode.c.objc; name = DFSearchKitTests_objc.m; path = ../DFSearchKitTests/DFSearchKitTests_objc.m; sourceTree = "<group>"; };
		233C768C20CB18DA00589CB4 /* DFSearchIndex.Summarizer.swift */ = {isa = PBXFileReference; lastKnownFileType = sourcecode.swift; path = DFSearchIndex.Summarizer.swift; sourceTree = "<group>"; };
		23407FCC20CB243D0031D43A /* the_school_short_story.txt */ = {isa = PBXFileReference; fileEncoding = 4; lastKnownFileType = text; path = the_school_short_story.txt; sourceTree = "<group>"; };
		23407FCE20CB68100031D43A /* DFSearchIndexSummaryTests.swift */ = {isa = PBXFileReference; lastKnownFileType = sourcecode.swift; path = DFSearchIndexSummaryTests.swift; sourceTree = "<group>"; };
		23407FD020CB686F0031D43A /* DFSearchIndexUtils.swift */ = {isa = PBXFileReference; lastKnownFileType = sourcecode.swift; path = DFSearchIndexUtils.swift; sourceTree = "<group>"; };
		2340800320CB87310031D43A /* DFSearchKit.framework */ = {isa = PBXFileReference; explicitFileType = wrapper.framework; includeInIndex = 0; path = DFSearchKit.framework; sourceTree = BUILT_PRODUCTS_DIR; };
		2340800520CB87310031D43A /* DFSearchKit.h */ = {isa = PBXFileReference; lastKnownFileType = sourcecode.c.h; name = DFSearchKit.h; path = ../DFSearchKit/DFSearchKit.h; sourceTree = "<group>"; };
		2340800620CB87310031D43A /* Info.plist */ = {isa = PBXFileReference; lastKnownFileType = text.plist.xml; name = Info.plist; path = ../DFSearchKit/Info.plist; sourceTree = "<group>"; };
		2340801320CB88350031D43A /* SearchToy.app */ = {isa = PBXFileReference; explicitFileType = wrapper.application; includeInIndex = 0; path = SearchToy.app; sourceTree = BUILT_PRODUCTS_DIR; };
		2340801520CB88350031D43A /* AppDelegate.swift */ = {isa = PBXFileReference; lastKnownFileType = sourcecode.swift; path = AppDelegate.swift; sourceTree = "<group>"; };
		2340801720CB88350031D43A /* Document.swift */ = {isa = PBXFileReference; lastKnownFileType = sourcecode.swift; path = Document.swift; sourceTree = "<group>"; };
		2340801A20CB88350031D43A /* Base */ = {isa = PBXFileReference; lastKnownFileType = file.xib; name = Base; path = Base.lproj/Document.xib; sourceTree = "<group>"; };
		2340801C20CB88360031D43A /* Assets.xcassets */ = {isa = PBXFileReference; lastKnownFileType = folder.assetcatalog; path = Assets.xcassets; sourceTree = "<group>"; };
		2340801F20CB88360031D43A /* Base */ = {isa = PBXFileReference; lastKnownFileType = file.xib; name = Base; path = Base.lproj/MainMenu.xib; sourceTree = "<group>"; };
		2340802120CB88360031D43A /* Info.plist */ = {isa = PBXFileReference; lastKnownFileType = text.plist.xml; path = Info.plist; sourceTree = "<group>"; };
		2340802220CB88360031D43A /* SearchToy.entitlements */ = {isa = PBXFileReference; lastKnownFileType = text.plist.entitlements; path = SearchToy.entitlements; sourceTree = "<group>"; };
		23614DBA20B95F45001F187F /* StopWords.swift */ = {isa = PBXFileReference; lastKnownFileType = sourcecode.swift; path = StopWords.swift; sourceTree = "<group>"; };
		23614DBC20B95FFB001F187F /* APACHE_LICENSE.pdf */ = {isa = PBXFileReference; lastKnownFileType = image.pdf; path = APACHE_LICENSE.pdf; sourceTree = "<group>"; };
		23614DBE20B978A1001F187F /* DFSearchIndex.Memory.swift */ = {isa = PBXFileReference; lastKnownFileType = sourcecode.swift; path = DFSearchIndex.Memory.swift; sourceTree = "<group>"; };
		23614DC120B978C0001F187F /* DFSearchIndex.File.swift */ = {isa = PBXFileReference; lastKnownFileType = sourcecode.swift; path = DFSearchIndex.File.swift; sourceTree = "<group>"; };
		2369FC5D20D6085E00EFD944 /* DFSearchKitTests.xctest */ = {isa = PBXFileReference; explicitFileType = wrapper.cfbundle; includeInIndex = 0; path = DFSearchKitTests.xctest; sourceTree = BUILT_PRODUCTS_DIR; };
		238FAD7220A11B5F00092FCD /* dfsearchindex */ = {isa = PBXFileReference; explicitFileType = "compiled.mach-o.executable"; includeInIndex = 0; path = dfsearchindex; sourceTree = BUILT_PRODUCTS_DIR; };
		238FAD7420A11B5F00092FCD /* main.swift */ = {isa = PBXFileReference; lastKnownFileType = sourcecode.swift; path = main.swift; sourceTree = "<group>"; };
		2393945B20DD32F0008EC2CC /* DFSearchIndexAsyncTests.swift */ = {isa = PBXFileReference; lastKnownFileType = sourcecode.swift; path = DFSearchIndexAsyncTests.swift; sourceTree = "<group>"; };
		23D9084D209E71F70096E42A /* DFSearchKitTests.swift */ = {isa = PBXFileReference; lastKnownFileType = sourcecode.swift; path = DFSearchKitTests.swift; sourceTree = "<group>"; };
		23D9084F209E71F70096E42A /* Info.plist */ = {isa = PBXFileReference; lastKnownFileType = text.plist.xml; path = Info.plist; sourceTree = "<group>"; };
		23D90859209E72250096E42A /* DFSearchIndex.swift */ = {isa = PBXFileReference; lastKnownFileType = sourcecode.swift; path = DFSearchIndex.swift; sourceTree = "<group>"; };
		23D9085C209E9A4D0096E42A /* README.md */ = {isa = PBXFileReference; lastKnownFileType = net.daringfireball.markdown; path = README.md; sourceTree = "<group>"; };
		23E5A02E20CE05A900D1B2B5 /* DFSearchIndex.AsyncController.swift */ = {isa = PBXFileReference; lastKnownFileType = sourcecode.swift; path = DFSearchIndex.AsyncController.swift; sourceTree = "<group>"; };
/* End PBXFileReference section */

/* Begin PBXFrameworksBuildPhase section */
		23407FFF20CB87310031D43A /* Frameworks */ = {
			isa = PBXFrameworksBuildPhase;
			buildActionMask = 2147483647;
			files = (
			);
			runOnlyForDeploymentPostprocessing = 0;
		};
		2340801020CB88350031D43A /* Frameworks */ = {
			isa = PBXFrameworksBuildPhase;
			buildActionMask = 2147483647;
			files = (
				2340802720CB884B0031D43A /* DFSearchKit.framework in Frameworks */,
			);
			runOnlyForDeploymentPostprocessing = 0;
		};
		2369FC5A20D6085E00EFD944 /* Frameworks */ = {
			isa = PBXFrameworksBuildPhase;
			buildActionMask = 2147483647;
			files = (
				2369FC6220D6085E00EFD944 /* DFSearchKit.framework in Frameworks */,
			);
			runOnlyForDeploymentPostprocessing = 0;
		};
		238FAD6F20A11B5F00092FCD /* Frameworks */ = {
			isa = PBXFrameworksBuildPhase;
			buildActionMask = 2147483647;
			files = (
			);
			runOnlyForDeploymentPostprocessing = 0;
		};
/* End PBXFrameworksBuildPhase section */

/* Begin PBXGroup section */
		2311F48A20D5DC4600826F5B /* Tests */ = {
			isa = PBXGroup;
			children = (
				23CE76D020BCB18C007C8BA8 /* Resources */,
				23D9084C209E71F70096E42A /* DFSearchKitTests */,
			);
			name = Tests;
			sourceTree = "<group>";
		};
		2311F49420D5F94800826F5B /* Tools */ = {
			isa = PBXGroup;
			children = (
				238FAD7320A11B5F00092FCD /* dfsearchindex */,
				2340801420CB88350031D43A /* SearchToy */,
			);
			path = Tools;
			sourceTree = "<group>";
		};
		2340800420CB87310031D43A /* DFSearchKit */ = {
			isa = PBXGroup;
			children = (
				23D90859209E72250096E42A /* DFSearchIndex.swift */,
				23614DC120B978C0001F187F /* DFSearchIndex.File.swift */,
				23614DBE20B978A1001F187F /* DFSearchIndex.Memory.swift */,
				23E5A02E20CE05A900D1B2B5 /* DFSearchIndex.AsyncController.swift */,
				233C768C20CB18DA00589CB4 /* DFSearchIndex.Summarizer.swift */,
				2340800520CB87310031D43A /* DFSearchKit.h */,
				2340800620CB87310031D43A /* Info.plist */,
			);
			path = DFSearchKit;
			sourceTree = "<group>";
		};
		2340801420CB88350031D43A /* SearchToy */ = {
			isa = PBXGroup;
			children = (
				2340801520CB88350031D43A /* AppDelegate.swift */,
				2340801720CB88350031D43A /* Document.swift */,
				2340801920CB88350031D43A /* Document.xib */,
				2340801E20CB88360031D43A /* MainMenu.xib */,
				2340801C20CB88360031D43A /* Assets.xcassets */,
				2340802120CB88360031D43A /* Info.plist */,
				2340802220CB88360031D43A /* SearchToy.entitlements */,
			);
			path = SearchToy;
			sourceTree = "<group>";
		};
		2340802620CB884B0031D43A /* Frameworks */ = {
			isa = PBXGroup;
			children = (
			);
			name = Frameworks;
			sourceTree = "<group>";
		};
		238FAD7320A11B5F00092FCD /* dfsearchindex */ = {
			isa = PBXGroup;
			children = (
				238FAD7420A11B5F00092FCD /* main.swift */,
			);
			path = dfsearchindex;
			sourceTree = "<group>";
		};
		23CE76D020BCB18C007C8BA8 /* Resources */ = {
			isa = PBXGroup;
			children = (
				23614DBA20B95F45001F187F /* StopWords.swift */,
				23407FCC20CB243D0031D43A /* the_school_short_story.txt */,
				23614DBC20B95FFB001F187F /* APACHE_LICENSE.pdf */,
			);
			path = Resources;
			sourceTree = "<group>";
		};
		23D90835209E71F60096E42A = {
			isa = PBXGroup;
			children = (
				23D9085C209E9A4D0096E42A /* README.md */,
				2340800420CB87310031D43A /* DFSearchKit */,
				2311F48A20D5DC4600826F5B /* Tests */,
				2311F49420D5F94800826F5B /* Tools */,
				23D90840209E71F60096E42A /* Products */,
				2340802620CB884B0031D43A /* Frameworks */,
			);
			sourceTree = "<group>";
		};
		23D90840209E71F60096E42A /* Products */ = {
			isa = PBXGroup;
			children = (
				238FAD7220A11B5F00092FCD /* dfsearchindex */,
				2340800320CB87310031D43A /* DFSearchKit.framework */,
				2340801320CB88350031D43A /* SearchToy.app */,
				2369FC5D20D6085E00EFD944 /* DFSearchKitTests.xctest */,
			);
			name = Products;
			sourceTree = "<group>";
		};
		23D9084C209E71F70096E42A /* DFSearchKitTests */ = {
			isa = PBXGroup;
			children = (
				23D9084D209E71F70096E42A /* DFSearchKitTests.swift */,
				2311F48120D5D8E600826F5B /* DFSearchKitTests_objc.m */,
				2393945B20DD32F0008EC2CC /* DFSearchIndexAsyncTests.swift */,
				23407FCE20CB68100031D43A /* DFSearchIndexSummaryTests.swift */,
				23407FD020CB686F0031D43A /* DFSearchIndexUtils.swift */,
				23D9084F209E71F70096E42A /* Info.plist */,
			);
			path = DFSearchKitTests;
			sourceTree = "<group>";
		};
/* End PBXGroup section */

/* Begin PBXHeadersBuildPhase section */
		2340800020CB87310031D43A /* Headers */ = {
			isa = PBXHeadersBuildPhase;
			buildActionMask = 2147483647;
			files = (
				2340800720CB87310031D43A /* DFSearchKit.h in Headers */,
				23E5A03220CE08D100D1B2B5 /* DFSearchIndex.AsyncController.swift in Headers */,
				2340802820CB88620031D43A /* DFSearchIndex.swift in Headers */,
				2340802920CB88620031D43A /* DFSearchIndex.Memory.swift in Headers */,
				2340802A20CB88620031D43A /* DFSearchIndex.File.swift in Headers */,
				2340802B20CB88620031D43A /* DFSearchIndex.Summarizer.swift in Headers */,
			);
			runOnlyForDeploymentPostprocessing = 0;
		};
/* End PBXHeadersBuildPhase section */

/* Begin PBXLegacyTarget section */
		23BFA9F020DD20EA002D3176 /* Generate Documentation */ = {
			isa = PBXLegacyTarget;
			buildArgumentsString = "";
			buildConfigurationList = 23BFA9F320DD20EA002D3176 /* Build configuration list for PBXLegacyTarget "Generate Documentation" */;
			buildPhases = (
			);
			buildToolPath = /usr/local/bin/jazzy;
			buildWorkingDirectory = "$(PROJECT_DIR)";
			dependencies = (
				23F346BB22755428001EAB23 /* PBXTargetDependency */,
			);
			name = "Generate Documentation";
			passBuildSettingsInEnvironment = 1;
			productName = "Generate Documentation";
		};
/* End PBXLegacyTarget section */

/* Begin PBXNativeTarget section */
		2340800220CB87310031D43A /* DFSearchKit */ = {
			isa = PBXNativeTarget;
			buildConfigurationList = 2340800820CB87310031D43A /* Build configuration list for PBXNativeTarget "DFSearchKit" */;
			buildPhases = (
				23407FFE20CB87310031D43A /* Sources */,
				23407FFF20CB87310031D43A /* Frameworks */,
				2340800020CB87310031D43A /* Headers */,
				2340800120CB87310031D43A /* Resources */,
			);
			buildRules = (
			);
			dependencies = (
			);
			name = DFSearchKit;
			productName = DFSKSearchKit;
			productReference = 2340800320CB87310031D43A /* DFSearchKit.framework */;
			productType = "com.apple.product-type.framework";
		};
		2340801220CB88350031D43A /* SearchToy */ = {
			isa = PBXNativeTarget;
			buildConfigurationList = 2340802320CB88360031D43A /* Build configuration list for PBXNativeTarget "SearchToy" */;
			buildPhases = (
				2340800F20CB88350031D43A /* Sources */,
				2340801020CB88350031D43A /* Frameworks */,
				2340801120CB88350031D43A /* Resources */,
				2306AAE120CBC8A300070A6B /* CopyFiles */,
			);
			buildRules = (
			);
			dependencies = (
				23520A1E20D6072700CFCFA9 /* PBXTargetDependency */,
			);
			name = SearchToy;
			productName = SearchToy;
			productReference = 2340801320CB88350031D43A /* SearchToy.app */;
			productType = "com.apple.product-type.application";
		};
		2369FC5C20D6085E00EFD944 /* DFSearchKitTests */ = {
			isa = PBXNativeTarget;
			buildConfigurationList = 2369FC6520D6085E00EFD944 /* Build configuration list for PBXNativeTarget "DFSearchKitTests" */;
			buildPhases = (
				2369FC5920D6085E00EFD944 /* Sources */,
				2369FC5A20D6085E00EFD944 /* Frameworks */,
				2369FC5B20D6085E00EFD944 /* Resources */,
			);
			buildRules = (
			);
			dependencies = (
				2369FC6420D6085E00EFD944 /* PBXTargetDependency */,
			);
			name = DFSearchKitTests;
			productName = DFSearchKitTests;
			productReference = 2369FC5D20D6085E00EFD944 /* DFSearchKitTests.xctest */;
			productType = "com.apple.product-type.bundle.unit-test";
		};
		238FAD7120A11B5F00092FCD /* dfsearchindex */ = {
			isa = PBXNativeTarget;
			buildConfigurationList = 238FAD7820A11B5F00092FCD /* Build configuration list for PBXNativeTarget "dfsearchindex" */;
			buildPhases = (
				238FAD6E20A11B5F00092FCD /* Sources */,
				238FAD6F20A11B5F00092FCD /* Frameworks */,
				238FAD7020A11B5F00092FCD /* CopyFiles */,
			);
			buildRules = (
			);
			dependencies = (
			);
			name = dfsearchindex;
			productName = helptool;
			productReference = 238FAD7220A11B5F00092FCD /* dfsearchindex */;
			productType = "com.apple.product-type.tool";
		};
/* End PBXNativeTarget section */

/* Begin PBXProject section */
		23D90836209E71F60096E42A /* Project object */ = {
			isa = PBXProject;
			attributes = {
				LastSwiftUpdateCheck = 0940;
				LastUpgradeCheck = 0930;
				ORGANIZATIONNAME = "Darren Ford";
				TargetAttributes = {
					2340800220CB87310031D43A = {
						CreatedOnToolsVersion = 9.3.1;
					};
					2340801220CB88350031D43A = {
						CreatedOnToolsVersion = 9.3.1;
					};
					2369FC5C20D6085E00EFD944 = {
						CreatedOnToolsVersion = 9.4;
					};
					238FAD7120A11B5F00092FCD = {
						CreatedOnToolsVersion = 9.3;
					};
					23BFA9F020DD20EA002D3176 = {
						CreatedOnToolsVersion = 9.4.1;
					};
				};
			};
			buildConfigurationList = 23D90839209E71F60096E42A /* Build configuration list for PBXProject "DFSearchKit" */;
			compatibilityVersion = "Xcode 9.3";
			developmentRegion = en;
			hasScannedForEncodings = 0;
			knownRegions = (
				en,
				Base,
			);
			mainGroup = 23D90835209E71F60096E42A;
			productRefGroup = 23D90840209E71F60096E42A /* Products */;
			projectDirPath = "";
			projectRoot = "";
			targets = (
				238FAD7120A11B5F00092FCD /* dfsearchindex */,
				2340800220CB87310031D43A /* DFSearchKit */,
				2340801220CB88350031D43A /* SearchToy */,
				2369FC5C20D6085E00EFD944 /* DFSearchKitTests */,
				23BFA9F020DD20EA002D3176 /* Generate Documentation */,
			);
		};
/* End PBXProject section */

/* Begin PBXResourcesBuildPhase section */
		2340800120CB87310031D43A /* Resources */ = {
			isa = PBXResourcesBuildPhase;
			buildActionMask = 2147483647;
			files = (
			);
			runOnlyForDeploymentPostprocessing = 0;
		};
		2340801120CB88350031D43A /* Resources */ = {
			isa = PBXResourcesBuildPhase;
			buildActionMask = 2147483647;
			files = (
				2340801D20CB88360031D43A /* Assets.xcassets in Resources */,
				2340801B20CB88350031D43A /* Document.xib in Resources */,
				2340802020CB88360031D43A /* MainMenu.xib in Resources */,
			);
			runOnlyForDeploymentPostprocessing = 0;
		};
		2369FC5B20D6085E00EFD944 /* Resources */ = {
			isa = PBXResourcesBuildPhase;
			buildActionMask = 2147483647;
			files = (
				2369FC6E20D6095500EFD944 /* APACHE_LICENSE.pdf in Resources */,
				2369FC6D20D6095500EFD944 /* the_school_short_story.txt in Resources */,
			);
			runOnlyForDeploymentPostprocessing = 0;
		};
/* End PBXResourcesBuildPhase section */

/* Begin PBXSourcesBuildPhase section */
		23407FFE20CB87310031D43A /* Sources */ = {
			isa = PBXSourcesBuildPhase;
			buildActionMask = 2147483647;
			files = (
				2340800D20CB873A0031D43A /* DFSearchIndex.File.swift in Sources */,
				2340800C20CB873A0031D43A /* DFSearchIndex.Memory.swift in Sources */,
				23E5A03120CE078000D1B2B5 /* DFSearchIndex.AsyncController.swift in Sources */,
				2340800E20CB873A0031D43A /* DFSearchIndex.Summarizer.swift in Sources */,
				2340800B20CB873A0031D43A /* DFSearchIndex.swift in Sources */,
			);
			runOnlyForDeploymentPostprocessing = 0;
		};
		2340800F20CB88350031D43A /* Sources */ = {
			isa = PBXSourcesBuildPhase;
			buildActionMask = 2147483647;
			files = (
				2340801820CB88350031D43A /* Document.swift in Sources */,
				2340801620CB88350031D43A /* AppDelegate.swift in Sources */,
			);
			runOnlyForDeploymentPostprocessing = 0;
		};
		2369FC5920D6085E00EFD944 /* Sources */ = {
			isa = PBXSourcesBuildPhase;
			buildActionMask = 2147483647;
			files = (
				2369FC6820D608A300EFD944 /* DFSearchKitTests.swift in Sources */,
				2369FC6920D608A300EFD944 /* DFSearchIndexSummaryTests.swift in Sources */,
				2369FC6A20D608A300EFD944 /* DFSearchIndexUtils.swift in Sources */,
				2369FC6C20D6094400EFD944 /* StopWords.swift in Sources */,
				2369FC6B20D608A300EFD944 /* DFSearchKitTests_objc.m in Sources */,
				2393945C20DD32F0008EC2CC /* DFSearchIndexAsyncTests.swift in Sources */,
			);
			runOnlyForDeploymentPostprocessing = 0;
		};
		238FAD6E20A11B5F00092FCD /* Sources */ = {
			isa = PBXSourcesBuildPhase;
			buildActionMask = 2147483647;
			files = (
				239424A420D5FA0B00211170 /* DFSearchIndex.Summarizer.swift in Sources */,
				239424A220D5FA0B00211170 /* DFSearchIndex.Memory.swift in Sources */,
				238FAD7520A11B5F00092FCD /* main.swift in Sources */,
				239424A320D5FA0B00211170 /* DFSearchIndex.File.swift in Sources */,
				239424A520D5FA0B00211170 /* DFSearchIndex.AsyncController.swift in Sources */,
				23CE76D120BCB3EC007C8BA8 /* StopWords.swift in Sources */,
				239424A120D5FA0400211170 /* DFSearchIndex.swift in Sources */,
			);
			runOnlyForDeploymentPostprocessing = 0;
		};
/* End PBXSourcesBuildPhase section */

/* Begin PBXTargetDependency section */
		23520A1E20D6072700CFCFA9 /* PBXTargetDependency */ = {
			isa = PBXTargetDependency;
			target = 2340800220CB87310031D43A /* DFSearchKit */;
			targetProxy = 23520A1D20D6072700CFCFA9 /* PBXContainerItemProxy */;
		};
		2369FC6420D6085E00EFD944 /* PBXTargetDependency */ = {
			isa = PBXTargetDependency;
			target = 2340800220CB87310031D43A /* DFSearchKit */;
			targetProxy = 2369FC6320D6085E00EFD944 /* PBXContainerItemProxy */;
		};
		23F346BB22755428001EAB23 /* PBXTargetDependency */ = {
			isa = PBXTargetDependency;
			target = 2340800220CB87310031D43A /* DFSearchKit */;
			targetProxy = 23F346BA22755428001EAB23 /* PBXContainerItemProxy */;
		};
/* End PBXTargetDependency section */

/* Begin PBXVariantGroup section */
		2340801920CB88350031D43A /* Document.xib */ = {
			isa = PBXVariantGroup;
			children = (
				2340801A20CB88350031D43A /* Base */,
			);
			name = Document.xib;
			sourceTree = "<group>";
		};
		2340801E20CB88360031D43A /* MainMenu.xib */ = {
			isa = PBXVariantGroup;
			children = (
				2340801F20CB88360031D43A /* Base */,
			);
			name = MainMenu.xib;
			sourceTree = "<group>";
		};
/* End PBXVariantGroup section */

/* Begin XCBuildConfiguration section */
		2340800920CB87310031D43A /* Debug */ = {
			isa = XCBuildConfiguration;
			buildSettings = {
				CODE_SIGN_IDENTITY = "";
				CODE_SIGN_STYLE = Automatic;
				COMBINE_HIDPI_IMAGES = YES;
				DEFINES_MODULE = YES;
				DYLIB_COMPATIBILITY_VERSION = 1;
				DYLIB_CURRENT_VERSION = 1;
				DYLIB_INSTALL_NAME_BASE = "@rpath";
				FRAMEWORK_VERSION = A;
				INFOPLIST_FILE = DFSearchKit/Info.plist;
				INSTALL_PATH = "$(LOCAL_LIBRARY_DIR)/Frameworks";
				LD_RUNPATH_SEARCH_PATHS = (
					"$(inherited)",
					"@executable_path/../Frameworks",
					"@loader_path/Frameworks",
				);
				MACOSX_DEPLOYMENT_TARGET = 10.11;
				PRODUCT_BUNDLE_IDENTIFIER = com.darrenford.DFSearchKit;
				PRODUCT_NAME = "$(TARGET_NAME:c99extidentifier)";
				SKIP_INSTALL = YES;
				SWIFT_VERSION = 4.0;
			};
			name = Debug;
		};
		2340800A20CB87310031D43A /* Release */ = {
			isa = XCBuildConfiguration;
			buildSettings = {
				CODE_SIGN_IDENTITY = "";
				CODE_SIGN_STYLE = Automatic;
				COMBINE_HIDPI_IMAGES = YES;
				DEFINES_MODULE = YES;
				DYLIB_COMPATIBILITY_VERSION = 1;
				DYLIB_CURRENT_VERSION = 1;
				DYLIB_INSTALL_NAME_BASE = "@rpath";
				FRAMEWORK_VERSION = A;
				INFOPLIST_FILE = DFSearchKit/Info.plist;
				INSTALL_PATH = "$(LOCAL_LIBRARY_DIR)/Frameworks";
				LD_RUNPATH_SEARCH_PATHS = (
					"$(inherited)",
					"@executable_path/../Frameworks",
					"@loader_path/Frameworks",
				);
				MACOSX_DEPLOYMENT_TARGET = 10.11;
				PRODUCT_BUNDLE_IDENTIFIER = com.darrenford.DFSearchKit;
				PRODUCT_NAME = "$(TARGET_NAME:c99extidentifier)";
				SKIP_INSTALL = YES;
				SWIFT_VERSION = 4.0;
			};
			name = Release;
		};
		2340802420CB88360031D43A /* Debug */ = {
			isa = XCBuildConfiguration;
			buildSettings = {
				ASSETCATALOG_COMPILER_APPICON_NAME = AppIcon;
				CODE_SIGN_STYLE = Automatic;
				COMBINE_HIDPI_IMAGES = YES;
				INFOPLIST_FILE = "$(SRCROOT)/Tools/SearchToy/Info.plist";
				LD_RUNPATH_SEARCH_PATHS = (
					"$(inherited)",
					"@executable_path/../Frameworks",
				);
				MACOSX_DEPLOYMENT_TARGET = 10.11;
				PRODUCT_BUNDLE_IDENTIFIER = com.darrenford.SearchToy;
				PRODUCT_NAME = "$(TARGET_NAME)";
				SWIFT_VERSION = 4.0;
			};
			name = Debug;
		};
		2340802520CB88360031D43A /* Release */ = {
			isa = XCBuildConfiguration;
			buildSettings = {
				ASSETCATALOG_COMPILER_APPICON_NAME = AppIcon;
				CODE_SIGN_STYLE = Automatic;
				COMBINE_HIDPI_IMAGES = YES;
				INFOPLIST_FILE = "$(SRCROOT)/Tools/SearchToy/Info.plist";
				LD_RUNPATH_SEARCH_PATHS = (
					"$(inherited)",
					"@executable_path/../Frameworks",
				);
				MACOSX_DEPLOYMENT_TARGET = 10.11;
				PRODUCT_BUNDLE_IDENTIFIER = com.darrenford.SearchToy;
				PRODUCT_NAME = "$(TARGET_NAME)";
				SWIFT_VERSION = 4.0;
			};
			name = Release;
		};
		2369FC6620D6085E00EFD944 /* Debug */ = {
			isa = XCBuildConfiguration;
			buildSettings = {
				CODE_SIGN_STYLE = Automatic;
				COMBINE_HIDPI_IMAGES = YES;
				INFOPLIST_FILE = DFSearchKitTests/Info.plist;
				LD_RUNPATH_SEARCH_PATHS = (
					"$(inherited)",
					"@executable_path/../Frameworks",
					"@loader_path/../Frameworks",
				);
				PRODUCT_BUNDLE_IDENTIFIER = com.darrenford.DFSearchKitTests;
				PRODUCT_NAME = "$(TARGET_NAME)";
				SWIFT_VERSION = 4.0;
			};
			name = Debug;
		};
		2369FC6720D6085E00EFD944 /* Release */ = {
			isa = XCBuildConfiguration;
			buildSettings = {
				CODE_SIGN_STYLE = Automatic;
				COMBINE_HIDPI_IMAGES = YES;
				INFOPLIST_FILE = DFSearchKitTests/Info.plist;
				LD_RUNPATH_SEARCH_PATHS = (
					"$(inherited)",
					"@executable_path/../Frameworks",
					"@loader_path/../Frameworks",
				);
				PRODUCT_BUNDLE_IDENTIFIER = com.darrenford.DFSearchKitTests;
				PRODUCT_NAME = "$(TARGET_NAME)";
				SWIFT_VERSION = 4.0;
			};
			name = Release;
		};
		238FAD7620A11B5F00092FCD /* Debug */ = {
			isa = XCBuildConfiguration;
			buildSettings = {
				CODE_SIGN_STYLE = Automatic;
				MACOSX_DEPLOYMENT_TARGET = 10.11;
				PRODUCT_NAME = "$(TARGET_NAME)";
				SWIFT_VERSION = 4.0;
			};
			name = Debug;
		};
		238FAD7720A11B5F00092FCD /* Release */ = {
			isa = XCBuildConfiguration;
			buildSettings = {
				CODE_SIGN_STYLE = Automatic;
				MACOSX_DEPLOYMENT_TARGET = 10.11;
				PRODUCT_NAME = "$(TARGET_NAME)";
				SWIFT_VERSION = 4.0;
			};
			name = Release;
		};
		23BFA9F120DD20EA002D3176 /* Debug */ = {
			isa = XCBuildConfiguration;
			buildSettings = {
				CODE_SIGN_STYLE = Automatic;
				DEBUGGING_SYMBOLS = YES;
				DEBUG_INFORMATION_FORMAT = dwarf;
				GCC_GENERATE_DEBUGGING_SYMBOLS = YES;
				GCC_OPTIMIZATION_LEVEL = 0;
				OTHER_CFLAGS = "";
				OTHER_LDFLAGS = "";
				PRODUCT_NAME = "$(TARGET_NAME)";
			};
			name = Debug;
		};
		23BFA9F220DD20EA002D3176 /* Release */ = {
			isa = XCBuildConfiguration;
			buildSettings = {
				CODE_SIGN_STYLE = Automatic;
				DEBUG_INFORMATION_FORMAT = "dwarf-with-dsym";
				OTHER_CFLAGS = "";
				OTHER_LDFLAGS = "";
				PRODUCT_NAME = "$(TARGET_NAME)";
			};
			name = Release;
		};
		23D90851209E71F70096E42A /* Debug */ = {
			isa = XCBuildConfiguration;
			buildSettings = {
				ALWAYS_SEARCH_USER_PATHS = NO;
				CLANG_ANALYZER_NONNULL = YES;
				CLANG_ANALYZER_NUMBER_OBJECT_CONVERSION = YES_AGGRESSIVE;
				CLANG_CXX_LANGUAGE_STANDARD = "gnu++14";
				CLANG_CXX_LIBRARY = "libc++";
				CLANG_ENABLE_MODULES = YES;
				CLANG_ENABLE_OBJC_ARC = YES;
				CLANG_ENABLE_OBJC_WEAK = YES;
				CLANG_WARN_BLOCK_CAPTURE_AUTORELEASING = YES;
				CLANG_WARN_BOOL_CONVERSION = YES;
				CLANG_WARN_COMMA = YES;
				CLANG_WARN_CONSTANT_CONVERSION = YES;
				CLANG_WARN_DEPRECATED_OBJC_IMPLEMENTATIONS = YES;
				CLANG_WARN_DIRECT_OBJC_ISA_USAGE = YES_ERROR;
				CLANG_WARN_DOCUMENTATION_COMMENTS = YES;
				CLANG_WARN_EMPTY_BODY = YES;
				CLANG_WARN_ENUM_CONVERSION = YES;
				CLANG_WARN_INFINITE_RECURSION = YES;
				CLANG_WARN_INT_CONVERSION = YES;
				CLANG_WARN_NON_LITERAL_NULL_CONVERSION = YES;
				CLANG_WARN_OBJC_IMPLICIT_RETAIN_SELF = YES;
				CLANG_WARN_OBJC_LITERAL_CONVERSION = YES;
				CLANG_WARN_OBJC_ROOT_CLASS = YES_ERROR;
				CLANG_WARN_RANGE_LOOP_ANALYSIS = YES;
				CLANG_WARN_STRICT_PROTOTYPES = YES;
				CLANG_WARN_SUSPICIOUS_MOVE = YES;
				CLANG_WARN_UNGUARDED_AVAILABILITY = YES_AGGRESSIVE;
				CLANG_WARN_UNREACHABLE_CODE = YES;
				CLANG_WARN__DUPLICATE_METHOD_MATCH = YES;
				CODE_SIGN_IDENTITY = "-";
				COPY_PHASE_STRIP = NO;
				CURRENT_PROJECT_VERSION = 1;
				DEBUG_INFORMATION_FORMAT = dwarf;
				ENABLE_STRICT_OBJC_MSGSEND = YES;
				ENABLE_TESTABILITY = YES;
				GCC_C_LANGUAGE_STANDARD = gnu11;
				GCC_DYNAMIC_NO_PIC = NO;
				GCC_NO_COMMON_BLOCKS = YES;
				GCC_OPTIMIZATION_LEVEL = 0;
				GCC_PREPROCESSOR_DEFINITIONS = (
					"DEBUG=1",
					"$(inherited)",
				);
				GCC_WARN_64_TO_32_BIT_CONVERSION = YES;
				GCC_WARN_ABOUT_RETURN_TYPE = YES_ERROR;
				GCC_WARN_UNDECLARED_SELECTOR = YES;
				GCC_WARN_UNINITIALIZED_AUTOS = YES_AGGRESSIVE;
				GCC_WARN_UNUSED_FUNCTION = YES;
				GCC_WARN_UNUSED_VARIABLE = YES;
				MACOSX_DEPLOYMENT_TARGET = 10.11;
				MTL_ENABLE_DEBUG_INFO = YES;
				ONLY_ACTIVE_ARCH = YES;
				SDKROOT = macosx;
				SWIFT_ACTIVE_COMPILATION_CONDITIONS = DEBUG;
				SWIFT_OPTIMIZATION_LEVEL = "-Onone";
				VERSIONING_SYSTEM = "apple-generic";
				VERSION_INFO_PREFIX = "";
			};
			name = Debug;
		};
		23D90852209E71F70096E42A /* Release */ = {
			isa = XCBuildConfiguration;
			buildSettings = {
				ALWAYS_SEARCH_USER_PATHS = NO;
				CLANG_ANALYZER_NONNULL = YES;
				CLANG_ANALYZER_NUMBER_OBJECT_CONVERSION = YES_AGGRESSIVE;
				CLANG_CXX_LANGUAGE_STANDARD = "gnu++14";
				CLANG_CXX_LIBRARY = "libc++";
				CLANG_ENABLE_MODULES = YES;
				CLANG_ENABLE_OBJC_ARC = YES;
				CLANG_ENABLE_OBJC_WEAK = YES;
				CLANG_WARN_BLOCK_CAPTURE_AUTORELEASING = YES;
				CLANG_WARN_BOOL_CONVERSION = YES;
				CLANG_WARN_COMMA = YES;
				CLANG_WARN_CONSTANT_CONVERSION = YES;
				CLANG_WARN_DEPRECATED_OBJC_IMPLEMENTATIONS = YES;
				CLANG_WARN_DIRECT_OBJC_ISA_USAGE = YES_ERROR;
				CLANG_WARN_DOCUMENTATION_COMMENTS = YES;
				CLANG_WARN_EMPTY_BODY = YES;
				CLANG_WARN_ENUM_CONVERSION = YES;
				CLANG_WARN_INFINITE_RECURSION = YES;
				CLANG_WARN_INT_CONVERSION = YES;
				CLANG_WARN_NON_LITERAL_NULL_CONVERSION = YES;
				CLANG_WARN_OBJC_IMPLICIT_RETAIN_SELF = YES;
				CLANG_WARN_OBJC_LITERAL_CONVERSION = YES;
				CLANG_WARN_OBJC_ROOT_CLASS = YES_ERROR;
				CLANG_WARN_RANGE_LOOP_ANALYSIS = YES;
				CLANG_WARN_STRICT_PROTOTYPES = YES;
				CLANG_WARN_SUSPICIOUS_MOVE = YES;
				CLANG_WARN_UNGUARDED_AVAILABILITY = YES_AGGRESSIVE;
				CLANG_WARN_UNREACHABLE_CODE = YES;
				CLANG_WARN__DUPLICATE_METHOD_MATCH = YES;
				CODE_SIGN_IDENTITY = "-";
				COPY_PHASE_STRIP = NO;
				CURRENT_PROJECT_VERSION = 1;
				DEBUG_INFORMATION_FORMAT = "dwarf-with-dsym";
				ENABLE_NS_ASSERTIONS = NO;
				ENABLE_STRICT_OBJC_MSGSEND = YES;
				GCC_C_LANGUAGE_STANDARD = gnu11;
				GCC_NO_COMMON_BLOCKS = YES;
				GCC_WARN_64_TO_32_BIT_CONVERSION = YES;
				GCC_WARN_ABOUT_RETURN_TYPE = YES_ERROR;
				GCC_WARN_UNDECLARED_SELECTOR = YES;
				GCC_WARN_UNINITIALIZED_AUTOS = YES_AGGRESSIVE;
				GCC_WARN_UNUSED_FUNCTION = YES;
				GCC_WARN_UNUSED_VARIABLE = YES;
				MACOSX_DEPLOYMENT_TARGET = 10.11;
				MTL_ENABLE_DEBUG_INFO = NO;
				SDKROOT = macosx;
				SWIFT_COMPILATION_MODE = wholemodule;
				SWIFT_OPTIMIZATION_LEVEL = "-O";
				VERSIONING_SYSTEM = "apple-generic";
				VERSION_INFO_PREFIX = "";
			};
			name = Release;
		};
/* End XCBuildConfiguration section */

/* Begin XCConfigurationList section */
		2340800820CB87310031D43A /* Build configuration list for PBXNativeTarget "DFSearchKit" */ = {
			isa = XCConfigurationList;
			buildConfigurations = (
				2340800920CB87310031D43A /* Debug */,
				2340800A20CB87310031D43A /* Release */,
			);
			defaultConfigurationIsVisible = 0;
			defaultConfigurationName = Release;
		};
		2340802320CB88360031D43A /* Build configuration list for PBXNativeTarget "SearchToy" */ = {
			isa = XCConfigurationList;
			buildConfigurations = (
				2340802420CB88360031D43A /* Debug */,
				2340802520CB88360031D43A /* Release */,
			);
			defaultConfigurationIsVisible = 0;
			defaultConfigurationName = Release;
		};
		2369FC6520D6085E00EFD944 /* Build configuration list for PBXNativeTarget "DFSearchKitTests" */ = {
			isa = XCConfigurationList;
			buildConfigurations = (
				2369FC6620D6085E00EFD944 /* Debug */,
				2369FC6720D6085E00EFD944 /* Release */,
			);
			defaultConfigurationIsVisible = 0;
			defaultConfigurationName = Release;
		};
		238FAD7820A11B5F00092FCD /* Build configuration list for PBXNativeTarget "dfsearchindex" */ = {
			isa = XCConfigurationList;
			buildConfigurations = (
				238FAD7620A11B5F00092FCD /* Debug */,
				238FAD7720A11B5F00092FCD /* Release */,
			);
			defaultConfigurationIsVisible = 0;
			defaultConfigurationName = Release;
		};
		23BFA9F320DD20EA002D3176 /* Build configuration list for PBXLegacyTarget "Generate Documentation" */ = {
			isa = XCConfigurationList;
			buildConfigurations = (
				23BFA9F120DD20EA002D3176 /* Debug */,
				23BFA9F220DD20EA002D3176 /* Release */,
			);
			defaultConfigurationIsVisible = 0;
			defaultConfigurationName = Release;
		};
		23D90839209E71F60096E42A /* Build configuration list for PBXProject "DFSearchKit" */ = {
			isa = XCConfigurationList;
			buildConfigurations = (
				23D90851209E71F70096E42A /* Debug */,
				23D90852209E71F70096E42A /* Release */,
			);
			defaultConfigurationIsVisible = 0;
			defaultConfigurationName = Release;
		};
/* End XCConfigurationList section */
	};
	rootObject = 23D90836209E71F60096E42A /* Project object */;
}
