// !$*UTF8*$!
{
	archiveVersion = 1;
	classes = {
	};
	objectVersion = 50;
	objects = {

/* Begin PBXBuildFile section */
		233C768D20CB18DA00589CB4 /* DFSKSummary.swift in Sources */ = {isa = PBXBuildFile; fileRef = 233C768C20CB18DA00589CB4 /* DFSKSummary.swift */; };
		23407FCD20CB243D0031D43A /* the_school_short_story.txt in Resources */ = {isa = PBXBuildFile; fileRef = 23407FCC20CB243D0031D43A /* the_school_short_story.txt */; };
		23407FCF20CB68100031D43A /* DSFKSummaryTests.swift in Sources */ = {isa = PBXBuildFile; fileRef = 23407FCE20CB68100031D43A /* DSFKSummaryTests.swift */; };
		23407FD120CB686F0031D43A /* DFSKUtils.swift in Sources */ = {isa = PBXBuildFile; fileRef = 23407FD020CB686F0031D43A /* DFSKUtils.swift */; };
		23614DBB20B95F45001F187F /* StopWords.swift in Sources */ = {isa = PBXBuildFile; fileRef = 23614DBA20B95F45001F187F /* StopWords.swift */; };
		23614DBD20B95FFB001F187F /* APACHE_LICENSE.pdf in Resources */ = {isa = PBXBuildFile; fileRef = 23614DBC20B95FFB001F187F /* APACHE_LICENSE.pdf */; };
		23614DC020B978A1001F187F /* DFSKDataIndex.swift in Sources */ = {isa = PBXBuildFile; fileRef = 23614DBE20B978A1001F187F /* DFSKDataIndex.swift */; };
		23614DC320B978C0001F187F /* DFSKFileIndex.swift in Sources */ = {isa = PBXBuildFile; fileRef = 23614DC120B978C0001F187F /* DFSKFileIndex.swift */; };
		23614DC420B97AAA001F187F /* DFSKFileIndex.swift in Sources */ = {isa = PBXBuildFile; fileRef = 23614DC120B978C0001F187F /* DFSKFileIndex.swift */; };
		23614DC520B97AE6001F187F /* DFSKIndex.swift in Sources */ = {isa = PBXBuildFile; fileRef = 23D90859209E72250096E42A /* DFSKIndex.swift */; };
		238FAD7520A11B5F00092FCD /* main.swift in Sources */ = {isa = PBXBuildFile; fileRef = 238FAD7420A11B5F00092FCD /* main.swift */; };
		23CE76D120BCB3EC007C8BA8 /* StopWords.swift in Sources */ = {isa = PBXBuildFile; fileRef = 23614DBA20B95F45001F187F /* StopWords.swift */; };
		23D9084E209E71F70096E42A /* DFSKIndexTests.swift in Sources */ = {isa = PBXBuildFile; fileRef = 23D9084D209E71F70096E42A /* DFSKIndexTests.swift */; };
		23D9085B209E72250096E42A /* DFSKIndex.swift in Sources */ = {isa = PBXBuildFile; fileRef = 23D90859209E72250096E42A /* DFSKIndex.swift */; };
/* End PBXBuildFile section */

/* Begin PBXCopyFilesBuildPhase section */
		238FAD7020A11B5F00092FCD /* CopyFiles */ = {
			isa = PBXCopyFilesBuildPhase;
			buildActionMask = 2147483647;
			dstPath = /usr/share/man/man1/;
			dstSubfolderSpec = 0;
			files = (
			);
			runOnlyForDeploymentPostprocessing = 1;
		};
/* End PBXCopyFilesBuildPhase section */

/* Begin PBXFileReference section */
		233C768C20CB18DA00589CB4 /* DFSKSummary.swift */ = {isa = PBXFileReference; lastKnownFileType = sourcecode.swift; path = DFSKSummary.swift; sourceTree = "<group>"; };
		23407FCC20CB243D0031D43A /* the_school_short_story.txt */ = {isa = PBXFileReference; fileEncoding = 4; lastKnownFileType = text; path = the_school_short_story.txt; sourceTree = "<group>"; };
		23407FCE20CB68100031D43A /* DSFKSummaryTests.swift */ = {isa = PBXFileReference; lastKnownFileType = sourcecode.swift; path = DSFKSummaryTests.swift; sourceTree = "<group>"; };
		23407FD020CB686F0031D43A /* DFSKUtils.swift */ = {isa = PBXFileReference; lastKnownFileType = sourcecode.swift; path = DFSKUtils.swift; sourceTree = "<group>"; };
		23614DBA20B95F45001F187F /* StopWords.swift */ = {isa = PBXFileReference; lastKnownFileType = sourcecode.swift; path = StopWords.swift; sourceTree = "<group>"; };
		23614DBC20B95FFB001F187F /* APACHE_LICENSE.pdf */ = {isa = PBXFileReference; lastKnownFileType = image.pdf; path = APACHE_LICENSE.pdf; sourceTree = "<group>"; };
		23614DBE20B978A1001F187F /* DFSKDataIndex.swift */ = {isa = PBXFileReference; lastKnownFileType = sourcecode.swift; path = DFSKDataIndex.swift; sourceTree = "<group>"; };
		23614DC120B978C0001F187F /* DFSKFileIndex.swift */ = {isa = PBXFileReference; lastKnownFileType = sourcecode.swift; path = DFSKFileIndex.swift; sourceTree = "<group>"; };
		238FAD7220A11B5F00092FCD /* dfskindex */ = {isa = PBXFileReference; explicitFileType = "compiled.mach-o.executable"; includeInIndex = 0; path = dfskindex; sourceTree = BUILT_PRODUCTS_DIR; };
		238FAD7420A11B5F00092FCD /* main.swift */ = {isa = PBXFileReference; lastKnownFileType = sourcecode.swift; path = main.swift; sourceTree = "<group>"; };
		23D90848209E71F70096E42A /* DFSearchKitTests.xctest */ = {isa = PBXFileReference; explicitFileType = wrapper.cfbundle; includeInIndex = 0; path = DFSearchKitTests.xctest; sourceTree = BUILT_PRODUCTS_DIR; };
		23D9084D209E71F70096E42A /* DFSKIndexTests.swift */ = {isa = PBXFileReference; lastKnownFileType = sourcecode.swift; path = DFSKIndexTests.swift; sourceTree = "<group>"; };
		23D9084F209E71F70096E42A /* Info.plist */ = {isa = PBXFileReference; lastKnownFileType = text.plist.xml; path = Info.plist; sourceTree = "<group>"; };
		23D90859209E72250096E42A /* DFSKIndex.swift */ = {isa = PBXFileReference; lastKnownFileType = sourcecode.swift; path = DFSKIndex.swift; sourceTree = "<group>"; };
		23D9085C209E9A4D0096E42A /* README.md */ = {isa = PBXFileReference; lastKnownFileType = net.daringfireball.markdown; path = README.md; sourceTree = "<group>"; };
		23D9085D209E9B730096E42A /* SKSearchKit_Play.swift */ = {isa = PBXFileReference; lastKnownFileType = sourcecode.swift; path = SKSearchKit_Play.swift; sourceTree = "<group>"; };
/* End PBXFileReference section */

/* Begin PBXFrameworksBuildPhase section */
		238FAD6F20A11B5F00092FCD /* Frameworks */ = {
			isa = PBXFrameworksBuildPhase;
			buildActionMask = 2147483647;
			files = (
			);
			runOnlyForDeploymentPostprocessing = 0;
		};
		23D90845209E71F70096E42A /* Frameworks */ = {
			isa = PBXFrameworksBuildPhase;
			buildActionMask = 2147483647;
			files = (
			);
			runOnlyForDeploymentPostprocessing = 0;
		};
/* End PBXFrameworksBuildPhase section */

/* Begin PBXGroup section */
		238FAD7320A11B5F00092FCD /* dfskindex */ = {
			isa = PBXGroup;
			children = (
				238FAD7420A11B5F00092FCD /* main.swift */,
			);
			path = dfskindex;
			sourceTree = "<group>";
		};
		23CE76CE20BCB042007C8BA8 /* Play */ = {
			isa = PBXGroup;
			children = (
				23D9085D209E9B730096E42A /* SKSearchKit_Play.swift */,
			);
			path = Play;
			sourceTree = "<group>";
		};
		23CE76D020BCB18C007C8BA8 /* Resources */ = {
			isa = PBXGroup;
			children = (
				23614DBA20B95F45001F187F /* StopWords.swift */,
				23407FCC20CB243D0031D43A /* the_school_short_story.txt */,
				23614DBC20B95FFB001F187F /* APACHE_LICENSE.pdf */,
			);
			path = Resources;
			sourceTree = "<group>";
		};
		23D90835209E71F60096E42A = {
			isa = PBXGroup;
			children = (
				23D9085C209E9A4D0096E42A /* README.md */,
				23D90841209E71F60096E42A /* DFSearchKit */,
				23D9084C209E71F70096E42A /* DFSearchKitTests */,
				238FAD7320A11B5F00092FCD /* dfskindex */,
				23CE76CE20BCB042007C8BA8 /* Play */,
				23D90840209E71F60096E42A /* Products */,
			);
			sourceTree = "<group>";
		};
		23D90840209E71F60096E42A /* Products */ = {
			isa = PBXGroup;
			children = (
				23D90848209E71F70096E42A /* DFSearchKitTests.xctest */,
				238FAD7220A11B5F00092FCD /* dfskindex */,
			);
			name = Products;
			sourceTree = "<group>";
		};
		23D90841209E71F60096E42A /* DFSearchKit */ = {
			isa = PBXGroup;
			children = (
				23D90859209E72250096E42A /* DFSKIndex.swift */,
				23614DBE20B978A1001F187F /* DFSKDataIndex.swift */,
				23614DC120B978C0001F187F /* DFSKFileIndex.swift */,
				233C768C20CB18DA00589CB4 /* DFSKSummary.swift */,
			);
			path = DFSearchKit;
			sourceTree = "<group>";
		};
		23D9084C209E71F70096E42A /* DFSearchKitTests */ = {
			isa = PBXGroup;
			children = (
				23D9084D209E71F70096E42A /* DFSKIndexTests.swift */,
				23407FCE20CB68100031D43A /* DSFKSummaryTests.swift */,
				23407FD020CB686F0031D43A /* DFSKUtils.swift */,
				23D9084F209E71F70096E42A /* Info.plist */,
				23CE76D020BCB18C007C8BA8 /* Resources */,
			);
			path = DFSearchKitTests;
			sourceTree = "<group>";
		};
/* End PBXGroup section */

/* Begin PBXNativeTarget section */
		238FAD7120A11B5F00092FCD /* dfskindex */ = {
			isa = PBXNativeTarget;
			buildConfigurationList = 238FAD7820A11B5F00092FCD /* Build configuration list for PBXNativeTarget "dfskindex" */;
			buildPhases = (
				238FAD6E20A11B5F00092FCD /* Sources */,
				238FAD6F20A11B5F00092FCD /* Frameworks */,
				238FAD7020A11B5F00092FCD /* CopyFiles */,
			);
			buildRules = (
			);
			dependencies = (
			);
			name = dfskindex;
			productName = helptool;
			productReference = 238FAD7220A11B5F00092FCD /* dfskindex */;
			productType = "com.apple.product-type.tool";
		};
		23D90847209E71F70096E42A /* DFSearchKitTests */ = {
			isa = PBXNativeTarget;
			buildConfigurationList = 23D90856209E71F70096E42A /* Build configuration list for PBXNativeTarget "DFSearchKitTests" */;
			buildPhases = (
				23D90844209E71F70096E42A /* Sources */,
				23D90845209E71F70096E42A /* Frameworks */,
				23D90846209E71F70096E42A /* Resources */,
			);
			buildRules = (
			);
			dependencies = (
			);
			name = DFSearchKitTests;
			productName = DFSearchKitTests;
			productReference = 23D90848209E71F70096E42A /* DFSearchKitTests.xctest */;
			productType = "com.apple.product-type.bundle.unit-test";
		};
/* End PBXNativeTarget section */

/* Begin PBXProject section */
		23D90836209E71F60096E42A /* Project object */ = {
			isa = PBXProject;
			attributes = {
				LastSwiftUpdateCheck = 0930;
				LastUpgradeCheck = 0930;
				ORGANIZATIONNAME = "Darren Ford";
				TargetAttributes = {
					238FAD7120A11B5F00092FCD = {
						CreatedOnToolsVersion = 9.3;
					};
					23D90847209E71F70096E42A = {
						CreatedOnToolsVersion = 9.3;
					};
				};
			};
			buildConfigurationList = 23D90839209E71F60096E42A /* Build configuration list for PBXProject "DFSearchKit" */;
			compatibilityVersion = "Xcode 9.3";
			developmentRegion = en;
			hasScannedForEncodings = 0;
			knownRegions = (
				en,
			);
			mainGroup = 23D90835209E71F60096E42A;
			productRefGroup = 23D90840209E71F60096E42A /* Products */;
			projectDirPath = "";
			projectRoot = "";
			targets = (
				23D90847209E71F70096E42A /* DFSearchKitTests */,
				238FAD7120A11B5F00092FCD /* dfskindex */,
			);
		};
/* End PBXProject section */

/* Begin PBXResourcesBuildPhase section */
		23D90846209E71F70096E42A /* Resources */ = {
			isa = PBXResourcesBuildPhase;
			buildActionMask = 2147483647;
			files = (
				23614DBD20B95FFB001F187F /* APACHE_LICENSE.pdf in Resources */,
				23407FCD20CB243D0031D43A /* the_school_short_story.txt in Resources */,
			);
			runOnlyForDeploymentPostprocessing = 0;
		};
/* End PBXResourcesBuildPhase section */

/* Begin PBXSourcesBuildPhase section */
		238FAD6E20A11B5F00092FCD /* Sources */ = {
			isa = PBXSourcesBuildPhase;
			buildActionMask = 2147483647;
			files = (
				23614DC420B97AAA001F187F /* DFSKFileIndex.swift in Sources */,
				238FAD7520A11B5F00092FCD /* main.swift in Sources */,
				23614DC520B97AE6001F187F /* DFSKIndex.swift in Sources */,
				23CE76D120BCB3EC007C8BA8 /* StopWords.swift in Sources */,
			);
			runOnlyForDeploymentPostprocessing = 0;
		};
		23D90844209E71F70096E42A /* Sources */ = {
			isa = PBXSourcesBuildPhase;
			buildActionMask = 2147483647;
			files = (
				233C768D20CB18DA00589CB4 /* DFSKSummary.swift in Sources */,
				23614DC020B978A1001F187F /* DFSKDataIndex.swift in Sources */,
				23407FCF20CB68100031D43A /* DSFKSummaryTests.swift in Sources */,
				23407FD120CB686F0031D43A /* DFSKUtils.swift in Sources */,
				23D9085B209E72250096E42A /* DFSKIndex.swift in Sources */,
				23614DC320B978C0001F187F /* DFSKFileIndex.swift in Sources */,
				23614DBB20B95F45001F187F /* StopWords.swift in Sources */,
				23D9084E209E71F70096E42A /* DFSKIndexTests.swift in Sources */,
			);
			runOnlyForDeploymentPostprocessing = 0;
		};
/* End PBXSourcesBuildPhase section */

/* Begin XCBuildConfiguration section */
		238FAD7620A11B5F00092FCD /* Debug */ = {
			isa = XCBuildConfiguration;
			buildSettings = {
				CODE_SIGN_STYLE = Automatic;
				PRODUCT_NAME = "$(TARGET_NAME)";
				SWIFT_VERSION = 4.0;
			};
			name = Debug;
		};
		238FAD7720A11B5F00092FCD /* Release */ = {
			isa = XCBuildConfiguration;
			buildSettings = {
				CODE_SIGN_STYLE = Automatic;
				PRODUCT_NAME = "$(TARGET_NAME)";
				SWIFT_VERSION = 4.0;
			};
			name = Release;
		};
		23D90851209E71F70096E42A /* Debug */ = {
			isa = XCBuildConfiguration;
			buildSettings = {
				ALWAYS_SEARCH_USER_PATHS = NO;
				CLANG_ANALYZER_NONNULL = YES;
				CLANG_ANALYZER_NUMBER_OBJECT_CONVERSION = YES_AGGRESSIVE;
				CLANG_CXX_LANGUAGE_STANDARD = "gnu++14";
				CLANG_CXX_LIBRARY = "libc++";
				CLANG_ENABLE_MODULES = YES;
				CLANG_ENABLE_OBJC_ARC = YES;
				CLANG_ENABLE_OBJC_WEAK = YES;
				CLANG_WARN_BLOCK_CAPTURE_AUTORELEASING = YES;
				CLANG_WARN_BOOL_CONVERSION = YES;
				CLANG_WARN_COMMA = YES;
				CLANG_WARN_CONSTANT_CONVERSION = YES;
				CLANG_WARN_DEPRECATED_OBJC_IMPLEMENTATIONS = YES;
				CLANG_WARN_DIRECT_OBJC_ISA_USAGE = YES_ERROR;
				CLANG_WARN_DOCUMENTATION_COMMENTS = YES;
				CLANG_WARN_EMPTY_BODY = YES;
				CLANG_WARN_ENUM_CONVERSION = YES;
				CLANG_WARN_INFINITE_RECURSION = YES;
				CLANG_WARN_INT_CONVERSION = YES;
				CLANG_WARN_NON_LITERAL_NULL_CONVERSION = YES;
				CLANG_WARN_OBJC_IMPLICIT_RETAIN_SELF = YES;
				CLANG_WARN_OBJC_LITERAL_CONVERSION = YES;
				CLANG_WARN_OBJC_ROOT_CLASS = YES_ERROR;
				CLANG_WARN_RANGE_LOOP_ANALYSIS = YES;
				CLANG_WARN_STRICT_PROTOTYPES = YES;
				CLANG_WARN_SUSPICIOUS_MOVE = YES;
				CLANG_WARN_UNGUARDED_AVAILABILITY = YES_AGGRESSIVE;
				CLANG_WARN_UNREACHABLE_CODE = YES;
				CLANG_WARN__DUPLICATE_METHOD_MATCH = YES;
				CODE_SIGN_IDENTITY = "-";
				COPY_PHASE_STRIP = NO;
				CURRENT_PROJECT_VERSION = 1;
				DEBUG_INFORMATION_FORMAT = dwarf;
				ENABLE_STRICT_OBJC_MSGSEND = YES;
				ENABLE_TESTABILITY = YES;
				GCC_C_LANGUAGE_STANDARD = gnu11;
				GCC_DYNAMIC_NO_PIC = NO;
				GCC_NO_COMMON_BLOCKS = YES;
				GCC_OPTIMIZATION_LEVEL = 0;
				GCC_PREPROCESSOR_DEFINITIONS = (
					"DEBUG=1",
					"$(inherited)",
				);
				GCC_WARN_64_TO_32_BIT_CONVERSION = YES;
				GCC_WARN_ABOUT_RETURN_TYPE = YES_ERROR;
				GCC_WARN_UNDECLARED_SELECTOR = YES;
				GCC_WARN_UNINITIALIZED_AUTOS = YES_AGGRESSIVE;
				GCC_WARN_UNUSED_FUNCTION = YES;
				GCC_WARN_UNUSED_VARIABLE = YES;
				MACOSX_DEPLOYMENT_TARGET = 10.13;
				MTL_ENABLE_DEBUG_INFO = YES;
				ONLY_ACTIVE_ARCH = YES;
				SDKROOT = macosx;
				SWIFT_ACTIVE_COMPILATION_CONDITIONS = DEBUG;
				SWIFT_OPTIMIZATION_LEVEL = "-Onone";
				VERSIONING_SYSTEM = "apple-generic";
				VERSION_INFO_PREFIX = "";
			};
			name = Debug;
		};
		23D90852209E71F70096E42A /* Release */ = {
			isa = XCBuildConfiguration;
			buildSettings = {
				ALWAYS_SEARCH_USER_PATHS = NO;
				CLANG_ANALYZER_NONNULL = YES;
				CLANG_ANALYZER_NUMBER_OBJECT_CONVERSION = YES_AGGRESSIVE;
				CLANG_CXX_LANGUAGE_STANDARD = "gnu++14";
				CLANG_CXX_LIBRARY = "libc++";
				CLANG_ENABLE_MODULES = YES;
				CLANG_ENABLE_OBJC_ARC = YES;
				CLANG_ENABLE_OBJC_WEAK = YES;
				CLANG_WARN_BLOCK_CAPTURE_AUTORELEASING = YES;
				CLANG_WARN_BOOL_CONVERSION = YES;
				CLANG_WARN_COMMA = YES;
				CLANG_WARN_CONSTANT_CONVERSION = YES;
				CLANG_WARN_DEPRECATED_OBJC_IMPLEMENTATIONS = YES;
				CLANG_WARN_DIRECT_OBJC_ISA_USAGE = YES_ERROR;
				CLANG_WARN_DOCUMENTATION_COMMENTS = YES;
				CLANG_WARN_EMPTY_BODY = YES;
				CLANG_WARN_ENUM_CONVERSION = YES;
				CLANG_WARN_INFINITE_RECURSION = YES;
				CLANG_WARN_INT_CONVERSION = YES;
				CLANG_WARN_NON_LITERAL_NULL_CONVERSION = YES;
				CLANG_WARN_OBJC_IMPLICIT_RETAIN_SELF = YES;
				CLANG_WARN_OBJC_LITERAL_CONVERSION = YES;
				CLANG_WARN_OBJC_ROOT_CLASS = YES_ERROR;
				CLANG_WARN_RANGE_LOOP_ANALYSIS = YES;
				CLANG_WARN_STRICT_PROTOTYPES = YES;
				CLANG_WARN_SUSPICIOUS_MOVE = YES;
				CLANG_WARN_UNGUARDED_AVAILABILITY = YES_AGGRESSIVE;
				CLANG_WARN_UNREACHABLE_CODE = YES;
				CLANG_WARN__DUPLICATE_METHOD_MATCH = YES;
				CODE_SIGN_IDENTITY = "-";
				COPY_PHASE_STRIP = NO;
				CURRENT_PROJECT_VERSION = 1;
				DEBUG_INFORMATION_FORMAT = "dwarf-with-dsym";
				ENABLE_NS_ASSERTIONS = NO;
				ENABLE_STRICT_OBJC_MSGSEND = YES;
				GCC_C_LANGUAGE_STANDARD = gnu11;
				GCC_NO_COMMON_BLOCKS = YES;
				GCC_WARN_64_TO_32_BIT_CONVERSION = YES;
				GCC_WARN_ABOUT_RETURN_TYPE = YES_ERROR;
				GCC_WARN_UNDECLARED_SELECTOR = YES;
				GCC_WARN_UNINITIALIZED_AUTOS = YES_AGGRESSIVE;
				GCC_WARN_UNUSED_FUNCTION = YES;
				GCC_WARN_UNUSED_VARIABLE = YES;
				MACOSX_DEPLOYMENT_TARGET = 10.13;
				MTL_ENABLE_DEBUG_INFO = NO;
				SDKROOT = macosx;
				SWIFT_COMPILATION_MODE = wholemodule;
				SWIFT_OPTIMIZATION_LEVEL = "-O";
				VERSIONING_SYSTEM = "apple-generic";
				VERSION_INFO_PREFIX = "";
			};
			name = Release;
		};
		23D90857209E71F70096E42A /* Debug */ = {
			isa = XCBuildConfiguration;
			buildSettings = {
				ALWAYS_EMBED_SWIFT_STANDARD_LIBRARIES = YES;
				CODE_SIGN_STYLE = Automatic;
				COMBINE_HIDPI_IMAGES = YES;
				INFOPLIST_FILE = DFSearchKitTests/Info.plist;
				LD_RUNPATH_SEARCH_PATHS = (
					"$(inherited)",
					"@executable_path/../Frameworks",
					"@loader_path/../Frameworks",
				);
				PRODUCT_BUNDLE_IDENTIFIER = com.darrenford.DFSearchKitTests;
				PRODUCT_NAME = "$(TARGET_NAME)";
				SWIFT_VERSION = 4.0;
			};
			name = Debug;
		};
		23D90858209E71F70096E42A /* Release */ = {
			isa = XCBuildConfiguration;
			buildSettings = {
				ALWAYS_EMBED_SWIFT_STANDARD_LIBRARIES = YES;
				CODE_SIGN_STYLE = Automatic;
				COMBINE_HIDPI_IMAGES = YES;
				INFOPLIST_FILE = DFSearchKitTests/Info.plist;
				LD_RUNPATH_SEARCH_PATHS = (
					"$(inherited)",
					"@executable_path/../Frameworks",
					"@loader_path/../Frameworks",
				);
				PRODUCT_BUNDLE_IDENTIFIER = com.darrenford.DFSearchKitTests;
				PRODUCT_NAME = "$(TARGET_NAME)";
				SWIFT_VERSION = 4.0;
			};
			name = Release;
		};
/* End XCBuildConfiguration section */

/* Begin XCConfigurationList section */
		238FAD7820A11B5F00092FCD /* Build configuration list for PBXNativeTarget "dfskindex" */ = {
			isa = XCConfigurationList;
			buildConfigurations = (
				238FAD7620A11B5F00092FCD /* Debug */,
				238FAD7720A11B5F00092FCD /* Release */,
			);
			defaultConfigurationIsVisible = 0;
			defaultConfigurationName = Release;
		};
		23D90839209E71F60096E42A /* Build configuration list for PBXProject "DFSearchKit" */ = {
			isa = XCConfigurationList;
			buildConfigurations = (
				23D90851209E71F70096E42A /* Debug */,
				23D90852209E71F70096E42A /* Release */,
			);
			defaultConfigurationIsVisible = 0;
			defaultConfigurationName = Release;
		};
		23D90856209E71F70096E42A /* Build configuration list for PBXNativeTarget "DFSearchKitTests" */ = {
			isa = XCConfigurationList;
			buildConfigurations = (
				23D90857209E71F70096E42A /* Debug */,
				23D90858209E71F70096E42A /* Release */,
			);
			defaultConfigurationIsVisible = 0;
			defaultConfigurationName = Release;
		};
/* End XCConfigurationList section */
	};
	rootObject = 23D90836209E71F60096E42A /* Project object */;
}
